// !$*UTF8*$!
{
	archiveVersion = 1;
	classes = {
	};
	objectVersion = 60;
	objects = {

/* Begin PBXBuildFile section */
		191387872B9586C800FAEDC1 /* SubmissionExpertApp.swift in Sources */ = {isa = PBXBuildFile; fileRef = 191387862B9586C800FAEDC1 /* SubmissionExpertApp.swift */; };
		191387892B9586C800FAEDC1 /* ContentView.swift in Sources */ = {isa = PBXBuildFile; fileRef = 191387882B9586C800FAEDC1 /* ContentView.swift */; };
		1913878B2B9586C900FAEDC1 /* Assets.xcassets in Resources */ = {isa = PBXBuildFile; fileRef = 1913878A2B9586C900FAEDC1 /* Assets.xcassets */; };
		1913878E2B9586C900FAEDC1 /* Preview Assets.xcassets in Resources */ = {isa = PBXBuildFile; fileRef = 1913878D2B9586C900FAEDC1 /* Preview Assets.xcassets */; };
		192819562BA0783D0049494B /* Detail in Frameworks */ = {isa = PBXBuildFile; productRef = 192819552BA0783D0049494B /* Detail */; };
		1928195C2BA078710049494B /* Favorite in Frameworks */ = {isa = PBXBuildFile; productRef = 1928195B2BA078710049494B /* Favorite */; };
		192819662BA14DB70049494B /* Search in Frameworks */ = {isa = PBXBuildFile; productRef = 192819652BA14DB70049494B /* Search */; };
		192819692BA1DD7A0049494B /* DetailRouter.swift in Sources */ = {isa = PBXBuildFile; fileRef = 192819682BA1DD7A0049494B /* DetailRouter.swift */; };
		197DAA942BA2D29600121642 /* TabEnum.swift in Sources */ = {isa = PBXBuildFile; fileRef = 197DAA932BA2D29600121642 /* TabEnum.swift */; };
		197DAAC62BA2EB8400121642 /* SubmissionExpertTest.swift in Sources */ = {isa = PBXBuildFile; fileRef = 197DAAC52BA2EB8400121642 /* SubmissionExpertTest.swift */; };
		19AEA5A02B96CAEF00A7FF15 /* SearchView.swift in Sources */ = {isa = PBXBuildFile; fileRef = 19AEA59F2B96CAEF00A7FF15 /* SearchView.swift */; };
		19AEA5A22B96CB0D00A7FF15 /* FavoriteView.swift in Sources */ = {isa = PBXBuildFile; fileRef = 19AEA5A12B96CB0D00A7FF15 /* FavoriteView.swift */; };
		19AEA5A42B96EDCF00A7FF15 /* GameRowView.swift in Sources */ = {isa = PBXBuildFile; fileRef = 19AEA5A32B96EDCF00A7FF15 /* GameRowView.swift */; };
		19AEA5A72B96F77200A7FF15 /* CachedAsyncImage in Frameworks */ = {isa = PBXBuildFile; productRef = 19AEA5A62B96F77200A7FF15 /* CachedAsyncImage */; };
		19AEA5A92B97338B00A7FF15 /* Profile.swift in Sources */ = {isa = PBXBuildFile; fileRef = 19AEA5A82B97338B00A7FF15 /* Profile.swift */; };
		19AEA5AB2B973DF900A7FF15 /* GameDetailView.swift in Sources */ = {isa = PBXBuildFile; fileRef = 19AEA5AA2B973DF900A7FF15 /* GameDetailView.swift */; };
		19C923982B958D0A004AB19F /* Alamofire in Frameworks */ = {isa = PBXBuildFile; productRef = 19C923972B958D0A004AB19F /* Alamofire */; };
		19C9239B2B958D4C004AB19F /* Realm in Frameworks */ = {isa = PBXBuildFile; productRef = 19C9239A2B958D4C004AB19F /* Realm */; };
		19C9239D2B958D4C004AB19F /* RealmSwift in Frameworks */ = {isa = PBXBuildFile; productRef = 19C9239C2B958D4C004AB19F /* RealmSwift */; };
		19C923AF2B959DE9004AB19F /* ApiCall.swift in Sources */ = {isa = PBXBuildFile; fileRef = 19C923AE2B959DE9004AB19F /* ApiCall.swift */; };
		19C923BB2B95ADF6004AB19F /* Injection.swift in Sources */ = {isa = PBXBuildFile; fileRef = 19C923BA2B95ADF6004AB19F /* Injection.swift */; };
		19C923DD2B960B95004AB19F /* HomeView.swift in Sources */ = {isa = PBXBuildFile; fileRef = 19C923DC2B960B95004AB19F /* HomeView.swift */; };
		19EEC6392BA03CD0003E5827 /* Home in Frameworks */ = {isa = PBXBuildFile; productRef = 19EEC6382BA03CD0003E5827 /* Home */; };
		19F160E12BA2C03000FBC2AE /* Core in Frameworks */ = {isa = PBXBuildFile; productRef = 19F160E02BA2C03000FBC2AE /* Core */; };
/* End PBXBuildFile section */

/* Begin PBXContainerItemProxy section */
		197DAAC72BA2EB8400121642 /* PBXContainerItemProxy */ = {
			isa = PBXContainerItemProxy;
			containerPortal = 1913877B2B9586C800FAEDC1 /* Project object */;
			proxyType = 1;
			remoteGlobalIDString = 191387822B9586C800FAEDC1;
			remoteInfo = SubmissionExpert;
		};
/* End PBXContainerItemProxy section */

/* Begin PBXFileReference section */
		191387832B9586C800FAEDC1 /* SubmissionExpert.app */ = {isa = PBXFileReference; explicitFileType = wrapper.application; includeInIndex = 0; path = SubmissionExpert.app; sourceTree = BUILT_PRODUCTS_DIR; };
		191387862B9586C800FAEDC1 /* SubmissionExpertApp.swift */ = {isa = PBXFileReference; lastKnownFileType = sourcecode.swift; path = SubmissionExpertApp.swift; sourceTree = "<group>"; };
		191387882B9586C800FAEDC1 /* ContentView.swift */ = {isa = PBXFileReference; lastKnownFileType = sourcecode.swift; path = ContentView.swift; sourceTree = "<group>"; };
		1913878A2B9586C900FAEDC1 /* Assets.xcassets */ = {isa = PBXFileReference; lastKnownFileType = folder.assetcatalog; path = Assets.xcassets; sourceTree = "<group>"; };
		1913878D2B9586C900FAEDC1 /* Preview Assets.xcassets */ = {isa = PBXFileReference; lastKnownFileType = folder.assetcatalog; path = "Preview Assets.xcassets"; sourceTree = "<group>"; };
		192819602BA078940049494B /* Detail */ = {isa = PBXFileReference; lastKnownFileType = wrapper; name = Detail; path = ../Modules/Detail; sourceTree = "<group>"; };
		192819612BA078A50049494B /* Favorite */ = {isa = PBXFileReference; lastKnownFileType = wrapper; name = Favorite; path = ../Modules/Favorite; sourceTree = "<group>"; };
		192819632BA078F20049494B /* Shared */ = {isa = PBXFileReference; lastKnownFileType = wrapper; name = Shared; path = ../Modules/Shared; sourceTree = "<group>"; };
		192819642BA079260049494B /* Search */ = {isa = PBXFileReference; lastKnownFileType = wrapper; name = Search; path = ../Modules/Search; sourceTree = "<group>"; };
		192819682BA1DD7A0049494B /* DetailRouter.swift */ = {isa = PBXFileReference; lastKnownFileType = sourcecode.swift; path = DetailRouter.swift; sourceTree = "<group>"; };
		197DAA932BA2D29600121642 /* TabEnum.swift */ = {isa = PBXFileReference; lastKnownFileType = sourcecode.swift; path = TabEnum.swift; sourceTree = "<group>"; };
		197DAAC32BA2EB8400121642 /* SubmissionExpertTest.xctest */ = {isa = PBXFileReference; explicitFileType = wrapper.cfbundle; includeInIndex = 0; path = SubmissionExpertTest.xctest; sourceTree = BUILT_PRODUCTS_DIR; };
		197DAAC52BA2EB8400121642 /* SubmissionExpertTest.swift */ = {isa = PBXFileReference; lastKnownFileType = sourcecode.swift; path = SubmissionExpertTest.swift; sourceTree = "<group>"; };
		19AEA59F2B96CAEF00A7FF15 /* SearchView.swift */ = {isa = PBXFileReference; lastKnownFileType = sourcecode.swift; path = SearchView.swift; sourceTree = "<group>"; };
		19AEA5A12B96CB0D00A7FF15 /* FavoriteView.swift */ = {isa = PBXFileReference; lastKnownFileType = sourcecode.swift; path = FavoriteView.swift; sourceTree = "<group>"; };
		19AEA5A32B96EDCF00A7FF15 /* GameRowView.swift */ = {isa = PBXFileReference; lastKnownFileType = sourcecode.swift; path = GameRowView.swift; sourceTree = "<group>"; };
		19AEA5A82B97338B00A7FF15 /* Profile.swift */ = {isa = PBXFileReference; lastKnownFileType = sourcecode.swift; path = Profile.swift; sourceTree = "<group>"; };
		19AEA5AA2B973DF900A7FF15 /* GameDetailView.swift */ = {isa = PBXFileReference; lastKnownFileType = sourcecode.swift; path = GameDetailView.swift; sourceTree = "<group>"; };
		19C923AE2B959DE9004AB19F /* ApiCall.swift */ = {isa = PBXFileReference; lastKnownFileType = sourcecode.swift; path = ApiCall.swift; sourceTree = "<group>"; };
		19C923B02B959F0B004AB19F /* Info.plist */ = {isa = PBXFileReference; lastKnownFileType = text.plist.xml; path = Info.plist; sourceTree = "<group>"; };
		19C923BA2B95ADF6004AB19F /* Injection.swift */ = {isa = PBXFileReference; lastKnownFileType = sourcecode.swift; path = Injection.swift; sourceTree = "<group>"; };
		19C923DC2B960B95004AB19F /* HomeView.swift */ = {isa = PBXFileReference; lastKnownFileType = sourcecode.swift; path = HomeView.swift; sourceTree = "<group>"; };
		19EEC63A2BA03CF0003E5827 /* Home */ = {isa = PBXFileReference; lastKnownFileType = wrapper; name = Home; path = ../Modules/Home; sourceTree = "<group>"; };
/* End PBXFileReference section */

/* Begin PBXFrameworksBuildPhase section */
		191387802B9586C800FAEDC1 /* Frameworks */ = {
			isa = PBXFrameworksBuildPhase;
			buildActionMask = 2147483647;
			files = (
				19C9239D2B958D4C004AB19F /* RealmSwift in Frameworks */,
				192819562BA0783D0049494B /* Detail in Frameworks */,
				19AEA5A72B96F77200A7FF15 /* CachedAsyncImage in Frameworks */,
				19C9239B2B958D4C004AB19F /* Realm in Frameworks */,
				192819662BA14DB70049494B /* Search in Frameworks */,
				19F160E12BA2C03000FBC2AE /* Core in Frameworks */,
				1928195C2BA078710049494B /* Favorite in Frameworks */,
				19C923982B958D0A004AB19F /* Alamofire in Frameworks */,
				19EEC6392BA03CD0003E5827 /* Home in Frameworks */,
			);
			runOnlyForDeploymentPostprocessing = 0;
		};
		197DAAC02BA2EB8400121642 /* Frameworks */ = {
			isa = PBXFrameworksBuildPhase;
			buildActionMask = 2147483647;
			files = (
			);
			runOnlyForDeploymentPostprocessing = 0;
		};
/* End PBXFrameworksBuildPhase section */

/* Begin PBXGroup section */
		1913877A2B9586C800FAEDC1 = {
			isa = PBXGroup;
			children = (
				191387852B9586C800FAEDC1 /* SubmissionExpert */,
				197DAAC42BA2EB8400121642 /* SubmissionExpertTest */,
				191387842B9586C800FAEDC1 /* Products */,
				1977473E2BA022D900DA84E1 /* Frameworks */,
			);
			sourceTree = "<group>";
		};
		191387842B9586C800FAEDC1 /* Products */ = {
			isa = PBXGroup;
			children = (
				191387832B9586C800FAEDC1 /* SubmissionExpert.app */,
				197DAAC32BA2EB8400121642 /* SubmissionExpertTest.xctest */,
			);
			name = Products;
			sourceTree = "<group>";
		};
		191387852B9586C800FAEDC1 /* SubmissionExpert */ = {
			isa = PBXGroup;
			children = (
				19C9238A2B958B79004AB19F /* App */,
				19C9238B2B958B91004AB19F /* Core */,
				19C9238C2B958BB3004AB19F /* Module */,
				19CC9E8B2B9827EC00B99F4A /* Components */,
				1913878C2B9586C900FAEDC1 /* Preview Content */,
				19C923B02B959F0B004AB19F /* Info.plist */,
				1913878A2B9586C900FAEDC1 /* Assets.xcassets */,
			);
			path = SubmissionExpert;
			sourceTree = "<group>";
		};
		1913878C2B9586C900FAEDC1 /* Preview Content */ = {
			isa = PBXGroup;
			children = (
				1913878D2B9586C900FAEDC1 /* Preview Assets.xcassets */,
			);
			path = "Preview Content";
			sourceTree = "<group>";
		};
		192819672BA1DD570049494B /* Router */ = {
			isa = PBXGroup;
			children = (
				192819682BA1DD7A0049494B /* DetailRouter.swift */,
			);
			path = Router;
			sourceTree = "<group>";
		};
		1977473E2BA022D900DA84E1 /* Frameworks */ = {
			isa = PBXGroup;
			children = (
				19EEC63A2BA03CF0003E5827 /* Home */,
				192819642BA079260049494B /* Search */,
				192819612BA078A50049494B /* Favorite */,
				192819602BA078940049494B /* Detail */,
				192819632BA078F20049494B /* Shared */,
			);
			name = Frameworks;
			sourceTree = "<group>";
		};
		197DAAC42BA2EB8400121642 /* SubmissionExpertTest */ = {
			isa = PBXGroup;
			children = (
				197DAAC52BA2EB8400121642 /* SubmissionExpertTest.swift */,
			);
			path = SubmissionExpertTest;
			sourceTree = "<group>";
		};
		19C9238A2B958B79004AB19F /* App */ = {
			isa = PBXGroup;
			children = (
				191387862B9586C800FAEDC1 /* SubmissionExpertApp.swift */,
				191387882B9586C800FAEDC1 /* ContentView.swift */,
			);
			path = App;
			sourceTree = "<group>";
		};
		19C9238B2B958B91004AB19F /* Core */ = {
			isa = PBXGroup;
			children = (
				19C9238F2B958BDF004AB19F /* DI */,
				19C9238D2B958BCE004AB19F /* Utils */,
			);
			path = Core;
			sourceTree = "<group>";
		};
		19C9238C2B958BB3004AB19F /* Module */ = {
			isa = PBXGroup;
			children = (
				19C923BD2B95AEA5004AB19F /* Home */,
				19C923D22B960098004AB19F /* Search */,
				19C923BE2B95AEAA004AB19F /* Detail */,
				19C923BF2B95AEB0004AB19F /* Favorite */,
				19C923C02B95AEB6004AB19F /* About */,
			);
			path = Module;
			sourceTree = "<group>";
		};
		19C9238D2B958BCE004AB19F /* Utils */ = {
			isa = PBXGroup;
			children = (
				19C923AD2B959DCE004AB19F /* Network */,
			);
			path = Utils;
			sourceTree = "<group>";
		};
		19C9238F2B958BDF004AB19F /* DI */ = {
			isa = PBXGroup;
			children = (
				19C923BA2B95ADF6004AB19F /* Injection.swift */,
			);
			path = DI;
			sourceTree = "<group>";
		};
		19C923AD2B959DCE004AB19F /* Network */ = {
			isa = PBXGroup;
			children = (
				19C923AE2B959DE9004AB19F /* ApiCall.swift */,
			);
			path = Network;
			sourceTree = "<group>";
		};
		19C923BD2B95AEA5004AB19F /* Home */ = {
			isa = PBXGroup;
			children = (
				19C923C72B95FCE0004AB19F /* View */,
			);
			path = Home;
			sourceTree = "<group>";
		};
		19C923BE2B95AEAA004AB19F /* Detail */ = {
			isa = PBXGroup;
			children = (
				192819672BA1DD570049494B /* Router */,
				19C923C92B95FCF2004AB19F /* View */,
			);
			path = Detail;
			sourceTree = "<group>";
		};
		19C923BF2B95AEB0004AB19F /* Favorite */ = {
			isa = PBXGroup;
			children = (
				19C923CC2B95FD0E004AB19F /* View */,
			);
			path = Favorite;
			sourceTree = "<group>";
		};
		19C923C02B95AEB6004AB19F /* About */ = {
			isa = PBXGroup;
			children = (
				19C923D92B9604A9004AB19F /* View */,
			);
			path = About;
			sourceTree = "<group>";
		};
		19C923C72B95FCE0004AB19F /* View */ = {
			isa = PBXGroup;
			children = (
				19C923DC2B960B95004AB19F /* HomeView.swift */,
			);
			path = View;
			sourceTree = "<group>";
		};
		19C923C92B95FCF2004AB19F /* View */ = {
			isa = PBXGroup;
			children = (
				19AEA5AA2B973DF900A7FF15 /* GameDetailView.swift */,
			);
			path = View;
			sourceTree = "<group>";
		};
		19C923CC2B95FD0E004AB19F /* View */ = {
			isa = PBXGroup;
			children = (
				19AEA5A12B96CB0D00A7FF15 /* FavoriteView.swift */,
			);
			path = View;
			sourceTree = "<group>";
		};
		19C923D22B960098004AB19F /* Search */ = {
			isa = PBXGroup;
			children = (
				19C923D42B9600A8004AB19F /* View */,
			);
			path = Search;
			sourceTree = "<group>";
		};
		19C923D42B9600A8004AB19F /* View */ = {
			isa = PBXGroup;
			children = (
				19AEA59F2B96CAEF00A7FF15 /* SearchView.swift */,
			);
			path = View;
			sourceTree = "<group>";
		};
		19C923D92B9604A9004AB19F /* View */ = {
			isa = PBXGroup;
			children = (
				19AEA5A82B97338B00A7FF15 /* Profile.swift */,
			);
			path = View;
			sourceTree = "<group>";
		};
		19CC9E8B2B9827EC00B99F4A /* Components */ = {
			isa = PBXGroup;
			children = (
				19AEA5A32B96EDCF00A7FF15 /* GameRowView.swift */,
				197DAA932BA2D29600121642 /* TabEnum.swift */,
			);
			path = Components;
			sourceTree = "<group>";
		};
/* End PBXGroup section */

/* Begin PBXNativeTarget section */
		191387822B9586C800FAEDC1 /* SubmissionExpert */ = {
			isa = PBXNativeTarget;
			buildConfigurationList = 191387912B9586C900FAEDC1 /* Build configuration list for PBXNativeTarget "SubmissionExpert" */;
			buildPhases = (
				1913877F2B9586C800FAEDC1 /* Sources */,
				191387802B9586C800FAEDC1 /* Frameworks */,
				191387812B9586C800FAEDC1 /* Resources */,
				19C923892B958A65004AB19F /* ShellScript */,
			);
			buildRules = (
			);
			dependencies = (
			);
			name = SubmissionExpert;
			packageProductDependencies = (
				19C923972B958D0A004AB19F /* Alamofire */,
				19C9239A2B958D4C004AB19F /* Realm */,
				19C9239C2B958D4C004AB19F /* RealmSwift */,
				19AEA5A62B96F77200A7FF15 /* CachedAsyncImage */,
				19EEC6382BA03CD0003E5827 /* Home */,
				192819552BA0783D0049494B /* Detail */,
				1928195B2BA078710049494B /* Favorite */,
				192819652BA14DB70049494B /* Search */,
				19F160E02BA2C03000FBC2AE /* Core */,
			);
			productName = SubmissionExpert;
			productReference = 191387832B9586C800FAEDC1 /* SubmissionExpert.app */;
			productType = "com.apple.product-type.application";
		};
		197DAAC22BA2EB8400121642 /* SubmissionExpertTest */ = {
			isa = PBXNativeTarget;
			buildConfigurationList = 197DAACB2BA2EB8400121642 /* Build configuration list for PBXNativeTarget "SubmissionExpertTest" */;
			buildPhases = (
				197DAABF2BA2EB8400121642 /* Sources */,
				197DAAC02BA2EB8400121642 /* Frameworks */,
				197DAAC12BA2EB8400121642 /* Resources */,
			);
			buildRules = (
			);
			dependencies = (
				197DAAC82BA2EB8400121642 /* PBXTargetDependency */,
			);
			name = SubmissionExpertTest;
			productName = SubmissionExpertTest;
			productReference = 197DAAC32BA2EB8400121642 /* SubmissionExpertTest.xctest */;
			productType = "com.apple.product-type.bundle.unit-test";
		};
/* End PBXNativeTarget section */

/* Begin PBXProject section */
		1913877B2B9586C800FAEDC1 /* Project object */ = {
			isa = PBXProject;
			attributes = {
				BuildIndependentTargetsInParallel = 1;
				LastSwiftUpdateCheck = 1510;
				LastUpgradeCheck = 1510;
				TargetAttributes = {
					191387822B9586C800FAEDC1 = {
						CreatedOnToolsVersion = 15.1;
					};
					197DAAC22BA2EB8400121642 = {
						CreatedOnToolsVersion = 15.1;
						TestTargetID = 191387822B9586C800FAEDC1;
					};
				};
			};
			buildConfigurationList = 1913877E2B9586C800FAEDC1 /* Build configuration list for PBXProject "SubmissionExpert" */;
			compatibilityVersion = "Xcode 14.0";
			developmentRegion = en;
			hasScannedForEncodings = 0;
			knownRegions = (
				en,
				Base,
				id,
			);
			mainGroup = 1913877A2B9586C800FAEDC1;
			packageReferences = (
				19C923962B958D0A004AB19F /* XCRemoteSwiftPackageReference "Alamofire" */,
				19C923992B958D4C004AB19F /* XCRemoteSwiftPackageReference "realm-swift" */,
				19AEA5A52B96F77200A7FF15 /* XCRemoteSwiftPackageReference "swiftui-cached-async-image" */,
				19EEC6372BA03CD0003E5827 /* XCLocalSwiftPackageReference "../Modules/Home" */,
				192819502BA076850049494B /* XCLocalSwiftPackageReference "../Modules/Search" */,
				192819542BA0783D0049494B /* XCLocalSwiftPackageReference "../Modules/Detail" */,
				1928195A2BA078710049494B /* XCLocalSwiftPackageReference "../Modules/Favorite" */,
				1928195D2BA078850049494B /* XCLocalSwiftPackageReference "../Modules/Shared" */,
				19F160DF2BA2C03000FBC2AE /* XCRemoteSwiftPackageReference "Modularization-Core-Package" */,
			);
			productRefGroup = 191387842B9586C800FAEDC1 /* Products */;
			projectDirPath = "";
			projectRoot = "";
			targets = (
				191387822B9586C800FAEDC1 /* SubmissionExpert */,
				197DAAC22BA2EB8400121642 /* SubmissionExpertTest */,
			);
		};
/* End PBXProject section */

/* Begin PBXResourcesBuildPhase section */
		191387812B9586C800FAEDC1 /* Resources */ = {
			isa = PBXResourcesBuildPhase;
			buildActionMask = 2147483647;
			files = (
				1913878E2B9586C900FAEDC1 /* Preview Assets.xcassets in Resources */,
				1913878B2B9586C900FAEDC1 /* Assets.xcassets in Resources */,
			);
			runOnlyForDeploymentPostprocessing = 0;
		};
		197DAAC12BA2EB8400121642 /* Resources */ = {
			isa = PBXResourcesBuildPhase;
			buildActionMask = 2147483647;
			files = (
			);
			runOnlyForDeploymentPostprocessing = 0;
		};
/* End PBXResourcesBuildPhase section */

/* Begin PBXShellScriptBuildPhase section */
		19C923892B958A65004AB19F /* ShellScript */ = {
			isa = PBXShellScriptBuildPhase;
			alwaysOutOfDate = 1;
			buildActionMask = 2147483647;
			files = (
			);
			inputFileListPaths = (
			);
			inputPaths = (
			);
			outputFileListPaths = (
			);
			outputPaths = (
			);
			runOnlyForDeploymentPostprocessing = 0;
			shellPath = /bin/sh;
			shellScript = "# Type a script or drag a script file from your workspace to insert its path.\nif [[ \"$(uname -m)\" == arm64 ]]; then\n    export PATH=\"/opt/homebrew/bin:$PATH\"\nfi\n \nif which swiftlint > /dev/null; then\n  swiftlint\nelse\n  echo \"warning: SwiftLint not installed, download from https://github.com/realm/SwiftLint\"\nfi\n";
		};
/* End PBXShellScriptBuildPhase section */

/* Begin PBXSourcesBuildPhase section */
		1913877F2B9586C800FAEDC1 /* Sources */ = {
			isa = PBXSourcesBuildPhase;
			buildActionMask = 2147483647;
			files = (
				197DAA942BA2D29600121642 /* TabEnum.swift in Sources */,
				19C923AF2B959DE9004AB19F /* ApiCall.swift in Sources */,
				19AEA5A22B96CB0D00A7FF15 /* FavoriteView.swift in Sources */,
				19AEA5AB2B973DF900A7FF15 /* GameDetailView.swift in Sources */,
				19AEA5A02B96CAEF00A7FF15 /* SearchView.swift in Sources */,
				191387892B9586C800FAEDC1 /* ContentView.swift in Sources */,
				19C923BB2B95ADF6004AB19F /* Injection.swift in Sources */,
				191387872B9586C800FAEDC1 /* SubmissionExpertApp.swift in Sources */,
				19C923DD2B960B95004AB19F /* HomeView.swift in Sources */,
				192819692BA1DD7A0049494B /* DetailRouter.swift in Sources */,
				19AEA5A42B96EDCF00A7FF15 /* GameRowView.swift in Sources */,
				19AEA5A92B97338B00A7FF15 /* Profile.swift in Sources */,
			);
			runOnlyForDeploymentPostprocessing = 0;
		};
		197DAABF2BA2EB8400121642 /* Sources */ = {
			isa = PBXSourcesBuildPhase;
			buildActionMask = 2147483647;
			files = (
				197DAAC62BA2EB8400121642 /* SubmissionExpertTest.swift in Sources */,
			);
			runOnlyForDeploymentPostprocessing = 0;
		};
/* End PBXSourcesBuildPhase section */

/* Begin PBXTargetDependency section */
		197DAAC82BA2EB8400121642 /* PBXTargetDependency */ = {
			isa = PBXTargetDependency;
			target = 191387822B9586C800FAEDC1 /* SubmissionExpert */;
			targetProxy = 197DAAC72BA2EB8400121642 /* PBXContainerItemProxy */;
		};
/* End PBXTargetDependency section */

/* Begin XCBuildConfiguration section */
		1913878F2B9586C900FAEDC1 /* Debug */ = {
			isa = XCBuildConfiguration;
			buildSettings = {
				ALWAYS_SEARCH_USER_PATHS = NO;
				ASSETCATALOG_COMPILER_GENERATE_SWIFT_ASSET_SYMBOL_EXTENSIONS = YES;
				CLANG_ANALYZER_NONNULL = YES;
				CLANG_ANALYZER_NUMBER_OBJECT_CONVERSION = YES_AGGRESSIVE;
				CLANG_CXX_LANGUAGE_STANDARD = "gnu++20";
				CLANG_ENABLE_MODULES = YES;
				CLANG_ENABLE_OBJC_ARC = YES;
				CLANG_ENABLE_OBJC_WEAK = YES;
				CLANG_WARN_BLOCK_CAPTURE_AUTORELEASING = YES;
				CLANG_WARN_BOOL_CONVERSION = YES;
				CLANG_WARN_COMMA = YES;
				CLANG_WARN_CONSTANT_CONVERSION = YES;
				CLANG_WARN_DEPRECATED_OBJC_IMPLEMENTATIONS = YES;
				CLANG_WARN_DIRECT_OBJC_ISA_USAGE = YES_ERROR;
				CLANG_WARN_DOCUMENTATION_COMMENTS = YES;
				CLANG_WARN_EMPTY_BODY = YES;
				CLANG_WARN_ENUM_CONVERSION = YES;
				CLANG_WARN_INFINITE_RECURSION = YES;
				CLANG_WARN_INT_CONVERSION = YES;
				CLANG_WARN_NON_LITERAL_NULL_CONVERSION = YES;
				CLANG_WARN_OBJC_IMPLICIT_RETAIN_SELF = YES;
				CLANG_WARN_OBJC_LITERAL_CONVERSION = YES;
				CLANG_WARN_OBJC_ROOT_CLASS = YES_ERROR;
				CLANG_WARN_QUOTED_INCLUDE_IN_FRAMEWORK_HEADER = YES;
				CLANG_WARN_RANGE_LOOP_ANALYSIS = YES;
				CLANG_WARN_STRICT_PROTOTYPES = YES;
				CLANG_WARN_SUSPICIOUS_MOVE = YES;
				CLANG_WARN_UNGUARDED_AVAILABILITY = YES_AGGRESSIVE;
				CLANG_WARN_UNREACHABLE_CODE = YES;
				CLANG_WARN__DUPLICATE_METHOD_MATCH = YES;
				COPY_PHASE_STRIP = NO;
				DEBUG_INFORMATION_FORMAT = dwarf;
				ENABLE_STRICT_OBJC_MSGSEND = YES;
				ENABLE_TESTABILITY = YES;
				ENABLE_USER_SCRIPT_SANDBOXING = YES;
				GCC_C_LANGUAGE_STANDARD = gnu17;
				GCC_DYNAMIC_NO_PIC = NO;
				GCC_NO_COMMON_BLOCKS = YES;
				GCC_OPTIMIZATION_LEVEL = 0;
				GCC_PREPROCESSOR_DEFINITIONS = (
					"DEBUG=1",
					"$(inherited)",
				);
				GCC_WARN_64_TO_32_BIT_CONVERSION = YES;
				GCC_WARN_ABOUT_RETURN_TYPE = YES_ERROR;
				GCC_WARN_UNDECLARED_SELECTOR = YES;
				GCC_WARN_UNINITIALIZED_AUTOS = YES_AGGRESSIVE;
				GCC_WARN_UNUSED_FUNCTION = YES;
				GCC_WARN_UNUSED_VARIABLE = YES;
				IPHONEOS_DEPLOYMENT_TARGET = 16.1;
				LOCALIZATION_PREFERS_STRING_CATALOGS = YES;
				MTL_ENABLE_DEBUG_INFO = INCLUDE_SOURCE;
				MTL_FAST_MATH = YES;
				ONLY_ACTIVE_ARCH = YES;
				SDKROOT = iphoneos;
				SWIFT_ACTIVE_COMPILATION_CONDITIONS = "DEBUG $(inherited)";
				SWIFT_OPTIMIZATION_LEVEL = "-Onone";
			};
			name = Debug;
		};
		191387902B9586C900FAEDC1 /* Release */ = {
			isa = XCBuildConfiguration;
			buildSettings = {
				ALWAYS_SEARCH_USER_PATHS = NO;
				ASSETCATALOG_COMPILER_GENERATE_SWIFT_ASSET_SYMBOL_EXTENSIONS = YES;
				CLANG_ANALYZER_NONNULL = YES;
				CLANG_ANALYZER_NUMBER_OBJECT_CONVERSION = YES_AGGRESSIVE;
				CLANG_CXX_LANGUAGE_STANDARD = "gnu++20";
				CLANG_ENABLE_MODULES = YES;
				CLANG_ENABLE_OBJC_ARC = YES;
				CLANG_ENABLE_OBJC_WEAK = YES;
				CLANG_WARN_BLOCK_CAPTURE_AUTORELEASING = YES;
				CLANG_WARN_BOOL_CONVERSION = YES;
				CLANG_WARN_COMMA = YES;
				CLANG_WARN_CONSTANT_CONVERSION = YES;
				CLANG_WARN_DEPRECATED_OBJC_IMPLEMENTATIONS = YES;
				CLANG_WARN_DIRECT_OBJC_ISA_USAGE = YES_ERROR;
				CLANG_WARN_DOCUMENTATION_COMMENTS = YES;
				CLANG_WARN_EMPTY_BODY = YES;
				CLANG_WARN_ENUM_CONVERSION = YES;
				CLANG_WARN_INFINITE_RECURSION = YES;
				CLANG_WARN_INT_CONVERSION = YES;
				CLANG_WARN_NON_LITERAL_NULL_CONVERSION = YES;
				CLANG_WARN_OBJC_IMPLICIT_RETAIN_SELF = YES;
				CLANG_WARN_OBJC_LITERAL_CONVERSION = YES;
				CLANG_WARN_OBJC_ROOT_CLASS = YES_ERROR;
				CLANG_WARN_QUOTED_INCLUDE_IN_FRAMEWORK_HEADER = YES;
				CLANG_WARN_RANGE_LOOP_ANALYSIS = YES;
				CLANG_WARN_STRICT_PROTOTYPES = YES;
				CLANG_WARN_SUSPICIOUS_MOVE = YES;
				CLANG_WARN_UNGUARDED_AVAILABILITY = YES_AGGRESSIVE;
				CLANG_WARN_UNREACHABLE_CODE = YES;
				CLANG_WARN__DUPLICATE_METHOD_MATCH = YES;
				COPY_PHASE_STRIP = NO;
				DEBUG_INFORMATION_FORMAT = "dwarf-with-dsym";
				ENABLE_NS_ASSERTIONS = NO;
				ENABLE_STRICT_OBJC_MSGSEND = YES;
				ENABLE_USER_SCRIPT_SANDBOXING = YES;
				GCC_C_LANGUAGE_STANDARD = gnu17;
				GCC_NO_COMMON_BLOCKS = YES;
				GCC_WARN_64_TO_32_BIT_CONVERSION = YES;
				GCC_WARN_ABOUT_RETURN_TYPE = YES_ERROR;
				GCC_WARN_UNDECLARED_SELECTOR = YES;
				GCC_WARN_UNINITIALIZED_AUTOS = YES_AGGRESSIVE;
				GCC_WARN_UNUSED_FUNCTION = YES;
				GCC_WARN_UNUSED_VARIABLE = YES;
				IPHONEOS_DEPLOYMENT_TARGET = 16.1;
				LOCALIZATION_PREFERS_STRING_CATALOGS = YES;
				MTL_ENABLE_DEBUG_INFO = NO;
				MTL_FAST_MATH = YES;
				SDKROOT = iphoneos;
				SWIFT_COMPILATION_MODE = wholemodule;
				VALIDATE_PRODUCT = YES;
			};
			name = Release;
		};
		191387922B9586C900FAEDC1 /* Debug */ = {
			isa = XCBuildConfiguration;
			buildSettings = {
				ASSETCATALOG_COMPILER_APPICON_NAME = AppIcon;
				ASSETCATALOG_COMPILER_GLOBAL_ACCENT_COLOR_NAME = AccentColor;
				CODE_SIGN_STYLE = Automatic;
				CURRENT_PROJECT_VERSION = 1;
				DEVELOPMENT_ASSET_PATHS = "\"SubmissionExpert/Preview Content\"";
				ENABLE_PREVIEWS = YES;
				ENABLE_USER_SCRIPT_SANDBOXING = NO;
				GENERATE_INFOPLIST_FILE = YES;
				INFOPLIST_FILE = SubmissionExpert/Info.plist;
				INFOPLIST_KEY_UIApplicationSceneManifest_Generation = YES;
				INFOPLIST_KEY_UIApplicationSupportsIndirectInputEvents = YES;
				INFOPLIST_KEY_UILaunchScreen_Generation = YES;
				INFOPLIST_KEY_UISupportedInterfaceOrientations_iPad = "UIInterfaceOrientationPortrait UIInterfaceOrientationPortraitUpsideDown UIInterfaceOrientationLandscapeLeft UIInterfaceOrientationLandscapeRight";
				INFOPLIST_KEY_UISupportedInterfaceOrientations_iPhone = "UIInterfaceOrientationPortrait UIInterfaceOrientationLandscapeLeft UIInterfaceOrientationLandscapeRight";
				IPHONEOS_DEPLOYMENT_TARGET = 16.1;
				LD_RUNPATH_SEARCH_PATHS = (
					"$(inherited)",
					"@executable_path/Frameworks",
				);
				MARKETING_VERSION = 1.0;
				PRODUCT_BUNDLE_IDENTIFIER = id.dev.seno.SubmissionExpert;
				PRODUCT_NAME = "$(TARGET_NAME)";
				SWIFT_EMIT_LOC_STRINGS = YES;
				SWIFT_VERSION = 5.0;
				TARGETED_DEVICE_FAMILY = 1;
			};
			name = Debug;
		};
		191387932B9586C900FAEDC1 /* Release */ = {
			isa = XCBuildConfiguration;
			buildSettings = {
				ASSETCATALOG_COMPILER_APPICON_NAME = AppIcon;
				ASSETCATALOG_COMPILER_GLOBAL_ACCENT_COLOR_NAME = AccentColor;
				CODE_SIGN_STYLE = Automatic;
				CURRENT_PROJECT_VERSION = 1;
				DEVELOPMENT_ASSET_PATHS = "\"SubmissionExpert/Preview Content\"";
				ENABLE_PREVIEWS = YES;
				ENABLE_USER_SCRIPT_SANDBOXING = NO;
				GENERATE_INFOPLIST_FILE = YES;
				INFOPLIST_FILE = SubmissionExpert/Info.plist;
				INFOPLIST_KEY_UIApplicationSceneManifest_Generation = YES;
				INFOPLIST_KEY_UIApplicationSupportsIndirectInputEvents = YES;
				INFOPLIST_KEY_UILaunchScreen_Generation = YES;
				INFOPLIST_KEY_UISupportedInterfaceOrientations_iPad = "UIInterfaceOrientationPortrait UIInterfaceOrientationPortraitUpsideDown UIInterfaceOrientationLandscapeLeft UIInterfaceOrientationLandscapeRight";
				INFOPLIST_KEY_UISupportedInterfaceOrientations_iPhone = "UIInterfaceOrientationPortrait UIInterfaceOrientationLandscapeLeft UIInterfaceOrientationLandscapeRight";
				IPHONEOS_DEPLOYMENT_TARGET = 16.1;
				LD_RUNPATH_SEARCH_PATHS = (
					"$(inherited)",
					"@executable_path/Frameworks",
				);
				MARKETING_VERSION = 1.0;
				PRODUCT_BUNDLE_IDENTIFIER = id.dev.seno.SubmissionExpert;
				PRODUCT_NAME = "$(TARGET_NAME)";
				SWIFT_EMIT_LOC_STRINGS = YES;
				SWIFT_VERSION = 5.0;
				TARGETED_DEVICE_FAMILY = 1;
			};
			name = Release;
		};
		197DAAC92BA2EB8400121642 /* Debug */ = {
			isa = XCBuildConfiguration;
			buildSettings = {
				BUNDLE_LOADER = "$(TEST_HOST)";
				CODE_SIGN_STYLE = Automatic;
				CURRENT_PROJECT_VERSION = 1;
				GENERATE_INFOPLIST_FILE = YES;
				IPHONEOS_DEPLOYMENT_TARGET = 16.1;
				MACOSX_DEPLOYMENT_TARGET = 14.2;
				MARKETING_VERSION = 1.0;
				PRODUCT_BUNDLE_IDENTIFIER = id.dev.seno.SubmissionExpertTest;
				PRODUCT_NAME = "$(TARGET_NAME)";
				SDKROOT = auto;
				SUPPORTED_PLATFORMS = "iphoneos iphonesimulator macosx";
				SWIFT_EMIT_LOC_STRINGS = NO;
				SWIFT_VERSION = 5.0;
				TARGETED_DEVICE_FAMILY = "1,2";
				TEST_HOST = "$(BUILT_PRODUCTS_DIR)/SubmissionExpert.app/$(BUNDLE_EXECUTABLE_FOLDER_PATH)/SubmissionExpert";
			};
			name = Debug;
		};
		197DAACA2BA2EB8400121642 /* Release */ = {
			isa = XCBuildConfiguration;
			buildSettings = {
				BUNDLE_LOADER = "$(TEST_HOST)";
				CODE_SIGN_STYLE = Automatic;
				CURRENT_PROJECT_VERSION = 1;
				GENERATE_INFOPLIST_FILE = YES;
				IPHONEOS_DEPLOYMENT_TARGET = 16.1;
				MACOSX_DEPLOYMENT_TARGET = 14.2;
				MARKETING_VERSION = 1.0;
				PRODUCT_BUNDLE_IDENTIFIER = id.dev.seno.SubmissionExpertTest;
				PRODUCT_NAME = "$(TARGET_NAME)";
				SDKROOT = auto;
				SUPPORTED_PLATFORMS = "iphoneos iphonesimulator macosx";
				SWIFT_EMIT_LOC_STRINGS = NO;
				SWIFT_VERSION = 5.0;
				TARGETED_DEVICE_FAMILY = "1,2";
				TEST_HOST = "$(BUILT_PRODUCTS_DIR)/SubmissionExpert.app/$(BUNDLE_EXECUTABLE_FOLDER_PATH)/SubmissionExpert";
			};
			name = Release;
		};
/* End XCBuildConfiguration section */

/* Begin XCConfigurationList section */
		1913877E2B9586C800FAEDC1 /* Build configuration list for PBXProject "SubmissionExpert" */ = {
			isa = XCConfigurationList;
			buildConfigurations = (
				1913878F2B9586C900FAEDC1 /* Debug */,
				191387902B9586C900FAEDC1 /* Release */,
			);
			defaultConfigurationIsVisible = 0;
			defaultConfigurationName = Release;
		};
		191387912B9586C900FAEDC1 /* Build configuration list for PBXNativeTarget "SubmissionExpert" */ = {
			isa = XCConfigurationList;
			buildConfigurations = (
				191387922B9586C900FAEDC1 /* Debug */,
				191387932B9586C900FAEDC1 /* Release */,
			);
			defaultConfigurationIsVisible = 0;
			defaultConfigurationName = Release;
		};
		197DAACB2BA2EB8400121642 /* Build configuration list for PBXNativeTarget "SubmissionExpertTest" */ = {
			isa = XCConfigurationList;
			buildConfigurations = (
				197DAAC92BA2EB8400121642 /* Debug */,
				197DAACA2BA2EB8400121642 /* Release */,
			);
			defaultConfigurationIsVisible = 0;
			defaultConfigurationName = Release;
		};
/* End XCConfigurationList section */

/* Begin XCLocalSwiftPackageReference section */
		192819502BA076850049494B /* XCLocalSwiftPackageReference "../Modules/Search" */ = {
			isa = XCLocalSwiftPackageReference;
			relativePath = ../Modules/Search;
		};
		192819542BA0783D0049494B /* XCLocalSwiftPackageReference "../Modules/Detail" */ = {
			isa = XCLocalSwiftPackageReference;
			relativePath = ../Modules/Detail;
		};
		1928195A2BA078710049494B /* XCLocalSwiftPackageReference "../Modules/Favorite" */ = {
			isa = XCLocalSwiftPackageReference;
			relativePath = ../Modules/Favorite;
		};
		1928195D2BA078850049494B /* XCLocalSwiftPackageReference "../Modules/Shared" */ = {
			isa = XCLocalSwiftPackageReference;
			relativePath = ../Modules/Shared;
		};
		19EEC6372BA03CD0003E5827 /* XCLocalSwiftPackageReference "../Modules/Home" */ = {
			isa = XCLocalSwiftPackageReference;
			relativePath = ../Modules/Home;
		};
/* End XCLocalSwiftPackageReference section */

/* Begin XCRemoteSwiftPackageReference section */
		19AEA5A52B96F77200A7FF15 /* XCRemoteSwiftPackageReference "swiftui-cached-async-image" */ = {
			isa = XCRemoteSwiftPackageReference;
			repositoryURL = "https://github.com/lorenzofiamingo/swiftui-cached-async-image";
			requirement = {
				kind = upToNextMajorVersion;
				minimumVersion = 2.1.1;
			};
		};
		19C923962B958D0A004AB19F /* XCRemoteSwiftPackageReference "Alamofire" */ = {
			isa = XCRemoteSwiftPackageReference;
			repositoryURL = "https://github.com/Alamofire/Alamofire";
			requirement = {
				kind = upToNextMajorVersion;
				minimumVersion = 5.9.0;
			};
		};
		19C923992B958D4C004AB19F /* XCRemoteSwiftPackageReference "realm-swift" */ = {
			isa = XCRemoteSwiftPackageReference;
			repositoryURL = "https://github.com/realm/realm-swift";
			requirement = {
				branch = master;
				kind = branch;
			};
		};
		19F160DF2BA2C03000FBC2AE /* XCRemoteSwiftPackageReference "Modularization-Core-Package" */ = {
			isa = XCRemoteSwiftPackageReference;
			repositoryURL = "https://github.com/galahseno/Modularization-Core-Package.git";
			requirement = {
				kind = upToNextMajorVersion;
				minimumVersion = 1.0.0;
			};
		};
/* End XCRemoteSwiftPackageReference section */

/* Begin XCSwiftPackageProductDependency section */
		192819552BA0783D0049494B /* Detail */ = {
			isa = XCSwiftPackageProductDependency;
			productName = Detail;
		};
		1928195B2BA078710049494B /* Favorite */ = {
			isa = XCSwiftPackageProductDependency;
			productName = Favorite;
		};
		192819652BA14DB70049494B /* Search */ = {
			isa = XCSwiftPackageProductDependency;
			productName = Search;
		};
		19AEA5A62B96F77200A7FF15 /* CachedAsyncImage */ = {
			isa = XCSwiftPackageProductDependency;
			package = 19AEA5A52B96F77200A7FF15 /* XCRemoteSwiftPackageReference "swiftui-cached-async-image" */;
			productName = CachedAsyncImage;
		};
		19C923972B958D0A004AB19F /* Alamofire */ = {
			isa = XCSwiftPackageProductDependency;
			package = 19C923962B958D0A004AB19F /* XCRemoteSwiftPackageReference "Alamofire" */;
			productName = Alamofire;
		};
		19C9239A2B958D4C004AB19F /* Realm */ = {
			isa = XCSwiftPackageProductDependency;
			package = 19C923992B958D4C004AB19F /* XCRemoteSwiftPackageReference "realm-swift" */;
			productName = Realm;
		};
		19C9239C2B958D4C004AB19F /* RealmSwift */ = {
			isa = XCSwiftPackageProductDependency;
			package = 19C923992B958D4C004AB19F /* XCRemoteSwiftPackageReference "realm-swift" */;
			productName = RealmSwift;
		};
		19EEC6382BA03CD0003E5827 /* Home */ = {
			isa = XCSwiftPackageProductDependency;
			productName = Home;
		};
		19F160E02BA2C03000FBC2AE /* Core */ = {
			isa = XCSwiftPackageProductDependency;
			package = 19F160DF2BA2C03000FBC2AE /* XCRemoteSwiftPackageReference "Modularization-Core-Package" */;
			productName = Core;
		};
/* End XCSwiftPackageProductDependency section */
	};
	rootObject = 1913877B2B9586C800FAEDC1 /* Project object */;
}
